// !$*UTF8*$!
{
	archiveVersion = 1;
	classes = {
	};
	objectVersion = 46;
	objects = {

/* Begin PBXAggregateTarget section */
		50432BF81C070BF700D6CBDB /* Mogenerator */ = {
			isa = PBXAggregateTarget;
			buildConfigurationList = 50432BF91C070BF700D6CBDB /* Build configuration list for PBXAggregateTarget "Mogenerator" */;
			buildPhases = (
				50432BFC1C070C0900D6CBDB /* ShellScript */,
			);
			dependencies = (
			);
			name = Mogenerator;
			productName = Mogenerator;
		};
/* End PBXAggregateTarget section */

/* Begin PBXBuildFile section */
		5035DF7A1C0891E900396AEB /* NSDate+ERTDateFromString.m in Sources */ = {isa = PBXBuildFile; fileRef = 5035DF791C0891E900396AEB /* NSDate+ERTDateFromString.m */; };
		5035DF831C09C41500396AEB /* NSAttributedString+ERTString.m in Sources */ = {isa = PBXBuildFile; fileRef = 5035DF821C09C41500396AEB /* NSAttributedString+ERTString.m */; };
		5040BF621C09D8C700C35B2A /* ERTBaseVC.m in Sources */ = {isa = PBXBuildFile; fileRef = 5040BF611C09D8C700C35B2A /* ERTBaseVC.m */; };
		5040BF651C09F06A00C35B2A /* ERTConstants.m in Sources */ = {isa = PBXBuildFile; fileRef = 5040BF641C09F06A00C35B2A /* ERTConstants.m */; };
		50432BF21C070A6200D6CBDB /* Main.storyboard in Resources */ = {isa = PBXBuildFile; fileRef = 50432BF11C070A6200D6CBDB /* Main.storyboard */; };
		50432BF71C070ADA00D6CBDB /* ERTRatesVC.m in Sources */ = {isa = PBXBuildFile; fileRef = 50432BF61C070ADA00D6CBDB /* ERTRatesVC.m */; };
		50432C081C07110700D6CBDB /* Info.plist in Resources */ = {isa = PBXBuildFile; fileRef = 50432C071C07110700D6CBDB /* Info.plist */; };
		50432C0B1C07119F00D6CBDB /* Model.xcdatamodeld in Sources */ = {isa = PBXBuildFile; fileRef = 50432C091C07119F00D6CBDB /* Model.xcdatamodeld */; };
		50432C151C071A3200D6CBDB /* _ERTCurrencyPair.m in Sources */ = {isa = PBXBuildFile; fileRef = 50432C111C071A3200D6CBDB /* _ERTCurrencyPair.m */; };
		50432C161C071A3200D6CBDB /* _ERTRate.m in Sources */ = {isa = PBXBuildFile; fileRef = 50432C131C071A3200D6CBDB /* _ERTRate.m */; };
		50432C1E1C071A3E00D6CBDB /* ERTCurrencyPair.m in Sources */ = {isa = PBXBuildFile; fileRef = 50432C1A1C071A3E00D6CBDB /* ERTCurrencyPair.m */; };
		50432C1F1C071A3E00D6CBDB /* ERTRate.m in Sources */ = {isa = PBXBuildFile; fileRef = 50432C1C1C071A3E00D6CBDB /* ERTRate.m */; };
		50432C9F1C071B9900D6CBDB /* ERTWebRequestInfo.m in Sources */ = {isa = PBXBuildFile; fileRef = 50432C871C071B9900D6CBDB /* ERTWebRequestInfo.m */; };
		50432CA21C071B9900D6CBDB /* ERTWebService.m in Sources */ = {isa = PBXBuildFile; fileRef = 50432C8D1C071B9900D6CBDB /* ERTWebService.m */; };
		504D0F0F1C0857C90015538D /* UIFont+ERTExchangeRates.m in Sources */ = {isa = PBXBuildFile; fileRef = 504D0F0E1C0857C90015538D /* UIFont+ERTExchangeRates.m */; };
		504E5F011C0884F600099550 /* ERTRatesVC+RatesConfiguration.m in Sources */ = {isa = PBXBuildFile; fileRef = 504E5F001C0884F600099550 /* ERTRatesVC+RatesConfiguration.m */; };
		504E5F041C08873600099550 /* ERTLocalizedStrings.strings in Resources */ = {isa = PBXBuildFile; fileRef = 504E5F061C08873600099550 /* ERTLocalizedStrings.strings */; };
		504E5F0A1C088B1500099550 /* NSCalendar+ERTDays.m in Sources */ = {isa = PBXBuildFile; fileRef = 504E5F091C088B1500099550 /* NSCalendar+ERTDays.m */; };
		5092B2451C07351300FC7D51 /* ERTWebService+CurrencyRequest.m in Sources */ = {isa = PBXBuildFile; fileRef = 5092B2441C07351300FC7D51 /* ERTWebService+CurrencyRequest.m */; };
		5092B2481C07393B00FC7D51 /* ERTWebServiceErrors.strings in Resources */ = {isa = PBXBuildFile; fileRef = 5092B24A1C07393B00FC7D51 /* ERTWebServiceErrors.strings */; };
		5092B2501C073BEA00FC7D51 /* ERTCurrencyPair+Parsing.m in Sources */ = {isa = PBXBuildFile; fileRef = 5092B24F1C073BEA00FC7D51 /* ERTCurrencyPair+Parsing.m */; };
		5092B25B1C07439200FC7D51 /* ERTDataManager.m in Sources */ = {isa = PBXBuildFile; fileRef = 5092B25A1C07439200FC7D51 /* ERTDataManager.m */; };
		5092B25D1C07447900FC7D51 /* CurrenciesList.plist in Resources */ = {isa = PBXBuildFile; fileRef = 5092B25C1C07447900FC7D51 /* CurrenciesList.plist */; };
		5092B2601C08444800FC7D51 /* ERTCurrenciesVC.m in Sources */ = {isa = PBXBuildFile; fileRef = 5092B25F1C08444800FC7D51 /* ERTCurrenciesVC.m */; };
		5092B2651C08503C00FC7D51 /* ERTCurrencyCell.m in Sources */ = {isa = PBXBuildFile; fileRef = 5092B2631C08503C00FC7D51 /* ERTCurrencyCell.m */; };
		5092B2661C08503C00FC7D51 /* ERTCurrencyCell.xib in Resources */ = {isa = PBXBuildFile; fileRef = 5092B2641C08503C00FC7D51 /* ERTCurrencyCell.xib */; };
		5092B27C1C08539700FC7D51 /* Lato-Black.ttf in Resources */ = {isa = PBXBuildFile; fileRef = 5092B2681C08539600FC7D51 /* Lato-Black.ttf */; };
		5092B27D1C08539700FC7D51 /* Lato-BlackItalic.ttf in Resources */ = {isa = PBXBuildFile; fileRef = 5092B2691C08539600FC7D51 /* Lato-BlackItalic.ttf */; };
		5092B27E1C08539700FC7D51 /* Lato-Bold.ttf in Resources */ = {isa = PBXBuildFile; fileRef = 5092B26A1C08539600FC7D51 /* Lato-Bold.ttf */; };
		5092B27F1C08539700FC7D51 /* Lato-BoldItalic.ttf in Resources */ = {isa = PBXBuildFile; fileRef = 5092B26B1C08539600FC7D51 /* Lato-BoldItalic.ttf */; };
		5092B2801C08539700FC7D51 /* Lato-Hairline.ttf in Resources */ = {isa = PBXBuildFile; fileRef = 5092B26C1C08539600FC7D51 /* Lato-Hairline.ttf */; };
		5092B2811C08539700FC7D51 /* Lato-HairlineItalic.ttf in Resources */ = {isa = PBXBuildFile; fileRef = 5092B26D1C08539600FC7D51 /* Lato-HairlineItalic.ttf */; };
		5092B2821C08539700FC7D51 /* Lato-Heavy.ttf in Resources */ = {isa = PBXBuildFile; fileRef = 5092B26E1C08539600FC7D51 /* Lato-Heavy.ttf */; };
		5092B2831C08539700FC7D51 /* Lato-HeavyItalic.ttf in Resources */ = {isa = PBXBuildFile; fileRef = 5092B26F1C08539600FC7D51 /* Lato-HeavyItalic.ttf */; };
		5092B2841C08539700FC7D51 /* Lato-Italic.ttf in Resources */ = {isa = PBXBuildFile; fileRef = 5092B2701C08539700FC7D51 /* Lato-Italic.ttf */; };
		5092B2851C08539700FC7D51 /* Lato-Light.ttf in Resources */ = {isa = PBXBuildFile; fileRef = 5092B2711C08539700FC7D51 /* Lato-Light.ttf */; };
		5092B2861C08539700FC7D51 /* Lato-LightItalic.ttf in Resources */ = {isa = PBXBuildFile; fileRef = 5092B2721C08539700FC7D51 /* Lato-LightItalic.ttf */; };
		5092B2871C08539700FC7D51 /* Lato-Medium.ttf in Resources */ = {isa = PBXBuildFile; fileRef = 5092B2731C08539700FC7D51 /* Lato-Medium.ttf */; };
		5092B2881C08539700FC7D51 /* Lato-MediumItalic.ttf in Resources */ = {isa = PBXBuildFile; fileRef = 5092B2741C08539700FC7D51 /* Lato-MediumItalic.ttf */; };
		5092B2891C08539700FC7D51 /* Lato-Regular.ttf in Resources */ = {isa = PBXBuildFile; fileRef = 5092B2751C08539700FC7D51 /* Lato-Regular.ttf */; };
		5092B28A1C08539700FC7D51 /* Lato-Semibold.ttf in Resources */ = {isa = PBXBuildFile; fileRef = 5092B2761C08539700FC7D51 /* Lato-Semibold.ttf */; };
		5092B28B1C08539700FC7D51 /* Lato-SemiboldItalic.ttf in Resources */ = {isa = PBXBuildFile; fileRef = 5092B2771C08539700FC7D51 /* Lato-SemiboldItalic.ttf */; };
		5092B28C1C08539700FC7D51 /* Lato-Thin.ttf in Resources */ = {isa = PBXBuildFile; fileRef = 5092B2781C08539700FC7D51 /* Lato-Thin.ttf */; };
		5092B28D1C08539700FC7D51 /* Lato-ThinItalic.ttf in Resources */ = {isa = PBXBuildFile; fileRef = 5092B2791C08539700FC7D51 /* Lato-ThinItalic.ttf */; };
		5092B28E1C08539700FC7D51 /* OFL.txt in Resources */ = {isa = PBXBuildFile; fileRef = 5092B27A1C08539700FC7D51 /* OFL.txt */; };
		5092B28F1C08539700FC7D51 /* README.txt in Resources */ = {isa = PBXBuildFile; fileRef = 5092B27B1C08539700FC7D51 /* README.txt */; };
		5092B2921C08557700FC7D51 /* ERTCurrencyCell+Configuration.m in Sources */ = {isa = PBXBuildFile; fileRef = 5092B2911C08557700FC7D51 /* ERTCurrencyCell+Configuration.m */; };
		50D311B01C06FF8B005FDCCE /* main.m in Sources */ = {isa = PBXBuildFile; fileRef = 50D311AF1C06FF8B005FDCCE /* main.m */; };
		50D311B31C06FF8B005FDCCE /* AppDelegate.m in Sources */ = {isa = PBXBuildFile; fileRef = 50D311B21C06FF8B005FDCCE /* AppDelegate.m */; };
		50D311BB1C06FF8B005FDCCE /* Assets.xcassets in Resources */ = {isa = PBXBuildFile; fileRef = 50D311BA1C06FF8B005FDCCE /* Assets.xcassets */; };
		50D311BE1C06FF8B005FDCCE /* LaunchScreen.storyboard in Resources */ = {isa = PBXBuildFile; fileRef = 50D311BC1C06FF8B005FDCCE /* LaunchScreen.storyboard */; };
		C89F1453EDADF0799DCA8B80 /* libPods-ExchangeRates.a in Frameworks */ = {isa = PBXBuildFile; fileRef = 8EF0DB8BB519E3D53DE25731 /* libPods-ExchangeRates.a */; };
/* End PBXBuildFile section */

/* Begin PBXFileReference section */
		5035DF781C0891E900396AEB /* NSDate+ERTDateFromString.h */ = {isa = PBXFileReference; fileEncoding = 4; lastKnownFileType = sourcecode.c.h; path = "NSDate+ERTDateFromString.h"; sourceTree = "<group>"; };
		5035DF791C0891E900396AEB /* NSDate+ERTDateFromString.m */ = {isa = PBXFileReference; fileEncoding = 4; lastKnownFileType = sourcecode.c.objc; path = "NSDate+ERTDateFromString.m"; sourceTree = "<group>"; };
		5035DF811C09C41500396AEB /* NSAttributedString+ERTString.h */ = {isa = PBXFileReference; fileEncoding = 4; lastKnownFileType = sourcecode.c.h; path = "NSAttributedString+ERTString.h"; sourceTree = "<group>"; };
		5035DF821C09C41500396AEB /* NSAttributedString+ERTString.m */ = {isa = PBXFileReference; fileEncoding = 4; lastKnownFileType = sourcecode.c.objc; path = "NSAttributedString+ERTString.m"; sourceTree = "<group>"; };
		5040BF601C09D8C700C35B2A /* ERTBaseVC.h */ = {isa = PBXFileReference; fileEncoding = 4; lastKnownFileType = sourcecode.c.h; path = ERTBaseVC.h; sourceTree = "<group>"; };
		5040BF611C09D8C700C35B2A /* ERTBaseVC.m */ = {isa = PBXFileReference; fileEncoding = 4; lastKnownFileType = sourcecode.c.objc; path = ERTBaseVC.m; sourceTree = "<group>"; };
		5040BF631C09F00100C35B2A /* ERTConstants.h */ = {isa = PBXFileReference; lastKnownFileType = sourcecode.c.h; path = ERTConstants.h; sourceTree = "<group>"; };
		5040BF641C09F06A00C35B2A /* ERTConstants.m */ = {isa = PBXFileReference; fileEncoding = 4; lastKnownFileType = sourcecode.c.objc; path = ERTConstants.m; sourceTree = "<group>"; };
		50432BF11C070A6200D6CBDB /* Main.storyboard */ = {isa = PBXFileReference; fileEncoding = 4; lastKnownFileType = file.storyboard; path = Main.storyboard; sourceTree = "<group>"; };
		50432BF51C070ADA00D6CBDB /* ERTRatesVC.h */ = {isa = PBXFileReference; fileEncoding = 4; lastKnownFileType = sourcecode.c.h; path = ERTRatesVC.h; sourceTree = "<group>"; };
		50432BF61C070ADA00D6CBDB /* ERTRatesVC.m */ = {isa = PBXFileReference; fileEncoding = 4; lastKnownFileType = sourcecode.c.objc; path = ERTRatesVC.m; sourceTree = "<group>"; };
		50432C071C07110700D6CBDB /* Info.plist */ = {isa = PBXFileReference; fileEncoding = 4; lastKnownFileType = text.plist.xml; path = Info.plist; sourceTree = "<group>"; };
		50432C0A1C07119F00D6CBDB /* Model.xcdatamodel */ = {isa = PBXFileReference; lastKnownFileType = wrapper.xcdatamodel; path = Model.xcdatamodel; sourceTree = "<group>"; };
		50432C101C071A3200D6CBDB /* _ERTCurrencyPair.h */ = {isa = PBXFileReference; fileEncoding = 4; lastKnownFileType = sourcecode.c.h; path = _ERTCurrencyPair.h; sourceTree = "<group>"; };
		50432C111C071A3200D6CBDB /* _ERTCurrencyPair.m */ = {isa = PBXFileReference; fileEncoding = 4; lastKnownFileType = sourcecode.c.objc; path = _ERTCurrencyPair.m; sourceTree = "<group>"; };
		50432C121C071A3200D6CBDB /* _ERTRate.h */ = {isa = PBXFileReference; fileEncoding = 4; lastKnownFileType = sourcecode.c.h; path = _ERTRate.h; sourceTree = "<group>"; };
		50432C131C071A3200D6CBDB /* _ERTRate.m */ = {isa = PBXFileReference; fileEncoding = 4; lastKnownFileType = sourcecode.c.objc; path = _ERTRate.m; sourceTree = "<group>"; };
		50432C191C071A3E00D6CBDB /* ERTCurrencyPair.h */ = {isa = PBXFileReference; fileEncoding = 4; lastKnownFileType = sourcecode.c.h; path = ERTCurrencyPair.h; sourceTree = "<group>"; };
		50432C1A1C071A3E00D6CBDB /* ERTCurrencyPair.m */ = {isa = PBXFileReference; fileEncoding = 4; lastKnownFileType = sourcecode.c.objc; path = ERTCurrencyPair.m; sourceTree = "<group>"; };
		50432C1B1C071A3E00D6CBDB /* ERTRate.h */ = {isa = PBXFileReference; fileEncoding = 4; lastKnownFileType = sourcecode.c.h; path = ERTRate.h; sourceTree = "<group>"; };
		50432C1C1C071A3E00D6CBDB /* ERTRate.m */ = {isa = PBXFileReference; fileEncoding = 4; lastKnownFileType = sourcecode.c.objc; path = ERTRate.m; sourceTree = "<group>"; };
		50432C861C071B9900D6CBDB /* ERTWebRequestInfo.h */ = {isa = PBXFileReference; fileEncoding = 4; lastKnownFileType = sourcecode.c.h; path = ERTWebRequestInfo.h; sourceTree = "<group>"; };
		50432C871C071B9900D6CBDB /* ERTWebRequestInfo.m */ = {isa = PBXFileReference; fileEncoding = 4; lastKnownFileType = sourcecode.c.objc; path = ERTWebRequestInfo.m; sourceTree = "<group>"; };
		50432C8C1C071B9900D6CBDB /* ERTWebService.h */ = {isa = PBXFileReference; fileEncoding = 4; lastKnownFileType = sourcecode.c.h; path = ERTWebService.h; sourceTree = "<group>"; };
		50432C8D1C071B9900D6CBDB /* ERTWebService.m */ = {isa = PBXFileReference; fileEncoding = 4; lastKnownFileType = sourcecode.c.objc; path = ERTWebService.m; sourceTree = "<group>"; };
		504D0F0D1C0857C90015538D /* UIFont+ERTExchangeRates.h */ = {isa = PBXFileReference; fileEncoding = 4; lastKnownFileType = sourcecode.c.h; path = "UIFont+ERTExchangeRates.h"; sourceTree = "<group>"; };
		504D0F0E1C0857C90015538D /* UIFont+ERTExchangeRates.m */ = {isa = PBXFileReference; fileEncoding = 4; lastKnownFileType = sourcecode.c.objc; path = "UIFont+ERTExchangeRates.m"; sourceTree = "<group>"; };
		504E5EFF1C0884F600099550 /* ERTRatesVC+RatesConfiguration.h */ = {isa = PBXFileReference; fileEncoding = 4; lastKnownFileType = sourcecode.c.h; path = "ERTRatesVC+RatesConfiguration.h"; sourceTree = "<group>"; };
		504E5F001C0884F600099550 /* ERTRatesVC+RatesConfiguration.m */ = {isa = PBXFileReference; fileEncoding = 4; lastKnownFileType = sourcecode.c.objc; path = "ERTRatesVC+RatesConfiguration.m"; sourceTree = "<group>"; };
		504E5F051C08873600099550 /* ru */ = {isa = PBXFileReference; lastKnownFileType = text.plist.strings; name = ru; path = ru.lproj/ERTLocalizedStrings.strings; sourceTree = "<group>"; };
		504E5F071C08873B00099550 /* Base */ = {isa = PBXFileReference; lastKnownFileType = text.plist.strings; name = Base; path = Base.lproj/ERTLocalizedStrings.strings; sourceTree = "<group>"; };
		504E5F081C088B1500099550 /* NSCalendar+ERTDays.h */ = {isa = PBXFileReference; fileEncoding = 4; lastKnownFileType = sourcecode.c.h; path = "NSCalendar+ERTDays.h"; sourceTree = "<group>"; };
		504E5F091C088B1500099550 /* NSCalendar+ERTDays.m */ = {isa = PBXFileReference; fileEncoding = 4; lastKnownFileType = sourcecode.c.objc; path = "NSCalendar+ERTDays.m"; sourceTree = "<group>"; };
		5092B2401C0732D500FC7D51 /* ExchangeRates.pch */ = {isa = PBXFileReference; lastKnownFileType = sourcecode.c.h; path = ExchangeRates.pch; sourceTree = "<group>"; };
		5092B2431C07351300FC7D51 /* ERTWebService+CurrencyRequest.h */ = {isa = PBXFileReference; fileEncoding = 4; lastKnownFileType = sourcecode.c.h; path = "ERTWebService+CurrencyRequest.h"; sourceTree = "<group>"; };
		5092B2441C07351300FC7D51 /* ERTWebService+CurrencyRequest.m */ = {isa = PBXFileReference; fileEncoding = 4; lastKnownFileType = sourcecode.c.objc; path = "ERTWebService+CurrencyRequest.m"; sourceTree = "<group>"; };
		5092B2491C07393B00FC7D51 /* Base */ = {isa = PBXFileReference; lastKnownFileType = text.plist.strings; name = Base; path = Base.lproj/ERTWebServiceErrors.strings; sourceTree = "<group>"; };
		5092B24E1C073BEA00FC7D51 /* ERTCurrencyPair+Parsing.h */ = {isa = PBXFileReference; fileEncoding = 4; lastKnownFileType = sourcecode.c.h; path = "ERTCurrencyPair+Parsing.h"; sourceTree = "<group>"; };
		5092B24F1C073BEA00FC7D51 /* ERTCurrencyPair+Parsing.m */ = {isa = PBXFileReference; fileEncoding = 4; lastKnownFileType = sourcecode.c.objc; path = "ERTCurrencyPair+Parsing.m"; sourceTree = "<group>"; };
		5092B2571C0742DD00FC7D51 /* ru */ = {isa = PBXFileReference; lastKnownFileType = text.plist.strings; name = ru; path = ru.lproj/LaunchScreen.strings; sourceTree = "<group>"; };
		5092B2581C0742DE00FC7D51 /* ru */ = {isa = PBXFileReference; lastKnownFileType = text.plist.strings; name = ru; path = ru.lproj/ERTWebServiceErrors.strings; sourceTree = "<group>"; };
		5092B2591C07439200FC7D51 /* ERTDataManager.h */ = {isa = PBXFileReference; fileEncoding = 4; lastKnownFileType = sourcecode.c.h; path = ERTDataManager.h; sourceTree = "<group>"; };
		5092B25A1C07439200FC7D51 /* ERTDataManager.m */ = {isa = PBXFileReference; fileEncoding = 4; lastKnownFileType = sourcecode.c.objc; path = ERTDataManager.m; sourceTree = "<group>"; };
		5092B25C1C07447900FC7D51 /* CurrenciesList.plist */ = {isa = PBXFileReference; fileEncoding = 4; lastKnownFileType = text.plist.xml; path = CurrenciesList.plist; sourceTree = "<group>"; };
		5092B25E1C08444800FC7D51 /* ERTCurrenciesVC.h */ = {isa = PBXFileReference; fileEncoding = 4; lastKnownFileType = sourcecode.c.h; path = ERTCurrenciesVC.h; sourceTree = "<group>"; };
		5092B25F1C08444800FC7D51 /* ERTCurrenciesVC.m */ = {isa = PBXFileReference; fileEncoding = 4; lastKnownFileType = sourcecode.c.objc; path = ERTCurrenciesVC.m; sourceTree = "<group>"; };
		5092B2621C08503C00FC7D51 /* ERTCurrencyCell.h */ = {isa = PBXFileReference; fileEncoding = 4; lastKnownFileType = sourcecode.c.h; path = ERTCurrencyCell.h; sourceTree = "<group>"; };
		5092B2631C08503C00FC7D51 /* ERTCurrencyCell.m */ = {isa = PBXFileReference; fileEncoding = 4; lastKnownFileType = sourcecode.c.objc; path = ERTCurrencyCell.m; sourceTree = "<group>"; };
		5092B2641C08503C00FC7D51 /* ERTCurrencyCell.xib */ = {isa = PBXFileReference; fileEncoding = 4; lastKnownFileType = file.xib; path = ERTCurrencyCell.xib; sourceTree = "<group>"; };
		5092B2681C08539600FC7D51 /* Lato-Black.ttf */ = {isa = PBXFileReference; lastKnownFileType = file; path = "Lato-Black.ttf"; sourceTree = "<group>"; };
		5092B2691C08539600FC7D51 /* Lato-BlackItalic.ttf */ = {isa = PBXFileReference; lastKnownFileType = file; path = "Lato-BlackItalic.ttf"; sourceTree = "<group>"; };
		5092B26A1C08539600FC7D51 /* Lato-Bold.ttf */ = {isa = PBXFileReference; lastKnownFileType = file; path = "Lato-Bold.ttf"; sourceTree = "<group>"; };
		5092B26B1C08539600FC7D51 /* Lato-BoldItalic.ttf */ = {isa = PBXFileReference; lastKnownFileType = file; path = "Lato-BoldItalic.ttf"; sourceTree = "<group>"; };
		5092B26C1C08539600FC7D51 /* Lato-Hairline.ttf */ = {isa = PBXFileReference; lastKnownFileType = file; path = "Lato-Hairline.ttf"; sourceTree = "<group>"; };
		5092B26D1C08539600FC7D51 /* Lato-HairlineItalic.ttf */ = {isa = PBXFileReference; lastKnownFileType = file; path = "Lato-HairlineItalic.ttf"; sourceTree = "<group>"; };
		5092B26E1C08539600FC7D51 /* Lato-Heavy.ttf */ = {isa = PBXFileReference; lastKnownFileType = file; path = "Lato-Heavy.ttf"; sourceTree = "<group>"; };
		5092B26F1C08539600FC7D51 /* Lato-HeavyItalic.ttf */ = {isa = PBXFileReference; lastKnownFileType = file; path = "Lato-HeavyItalic.ttf"; sourceTree = "<group>"; };
		5092B2701C08539700FC7D51 /* Lato-Italic.ttf */ = {isa = PBXFileReference; lastKnownFileType = file; path = "Lato-Italic.ttf"; sourceTree = "<group>"; };
		5092B2711C08539700FC7D51 /* Lato-Light.ttf */ = {isa = PBXFileReference; lastKnownFileType = file; path = "Lato-Light.ttf"; sourceTree = "<group>"; };
		5092B2721C08539700FC7D51 /* Lato-LightItalic.ttf */ = {isa = PBXFileReference; lastKnownFileType = file; path = "Lato-LightItalic.ttf"; sourceTree = "<group>"; };
		5092B2731C08539700FC7D51 /* Lato-Medium.ttf */ = {isa = PBXFileReference; lastKnownFileType = file; path = "Lato-Medium.ttf"; sourceTree = "<group>"; };
		5092B2741C08539700FC7D51 /* Lato-MediumItalic.ttf */ = {isa = PBXFileReference; lastKnownFileType = file; path = "Lato-MediumItalic.ttf"; sourceTree = "<group>"; };
		5092B2751C08539700FC7D51 /* Lato-Regular.ttf */ = {isa = PBXFileReference; lastKnownFileType = file; path = "Lato-Regular.ttf"; sourceTree = "<group>"; };
		5092B2761C08539700FC7D51 /* Lato-Semibold.ttf */ = {isa = PBXFileReference; lastKnownFileType = file; path = "Lato-Semibold.ttf"; sourceTree = "<group>"; };
		5092B2771C08539700FC7D51 /* Lato-SemiboldItalic.ttf */ = {isa = PBXFileReference; lastKnownFileType = file; path = "Lato-SemiboldItalic.ttf"; sourceTree = "<group>"; };
		5092B2781C08539700FC7D51 /* Lato-Thin.ttf */ = {isa = PBXFileReference; lastKnownFileType = file; path = "Lato-Thin.ttf"; sourceTree = "<group>"; };
		5092B2791C08539700FC7D51 /* Lato-ThinItalic.ttf */ = {isa = PBXFileReference; lastKnownFileType = file; path = "Lato-ThinItalic.ttf"; sourceTree = "<group>"; };
		5092B27A1C08539700FC7D51 /* OFL.txt */ = {isa = PBXFileReference; fileEncoding = 4; lastKnownFileType = text; path = OFL.txt; sourceTree = "<group>"; };
		5092B27B1C08539700FC7D51 /* README.txt */ = {isa = PBXFileReference; fileEncoding = 4; lastKnownFileType = text; path = README.txt; sourceTree = "<group>"; };
		5092B2901C08557700FC7D51 /* ERTCurrencyCell+Configuration.h */ = {isa = PBXFileReference; fileEncoding = 4; lastKnownFileType = sourcecode.c.h; path = "ERTCurrencyCell+Configuration.h"; sourceTree = "<group>"; };
		5092B2911C08557700FC7D51 /* ERTCurrencyCell+Configuration.m */ = {isa = PBXFileReference; fileEncoding = 4; lastKnownFileType = sourcecode.c.objc; path = "ERTCurrencyCell+Configuration.m"; sourceTree = "<group>"; };
		50D311AB1C06FF8A005FDCCE /* ExchangeRates.app */ = {isa = PBXFileReference; explicitFileType = wrapper.application; includeInIndex = 0; path = ExchangeRates.app; sourceTree = BUILT_PRODUCTS_DIR; };
		50D311AF1C06FF8B005FDCCE /* main.m */ = {isa = PBXFileReference; lastKnownFileType = sourcecode.c.objc; path = main.m; sourceTree = "<group>"; };
		50D311B11C06FF8B005FDCCE /* AppDelegate.h */ = {isa = PBXFileReference; lastKnownFileType = sourcecode.c.h; path = AppDelegate.h; sourceTree = "<group>"; };
		50D311B21C06FF8B005FDCCE /* AppDelegate.m */ = {isa = PBXFileReference; lastKnownFileType = sourcecode.c.objc; path = AppDelegate.m; sourceTree = "<group>"; };
		50D311BA1C06FF8B005FDCCE /* Assets.xcassets */ = {isa = PBXFileReference; lastKnownFileType = folder.assetcatalog; path = Assets.xcassets; sourceTree = "<group>"; };
		50D311BD1C06FF8B005FDCCE /* Base */ = {isa = PBXFileReference; lastKnownFileType = file.storyboard; name = Base; path = Base.lproj/LaunchScreen.storyboard; sourceTree = "<group>"; };
		52FC1610EDFABBA0DC671CDE /* Pods-ExchangeRates.debug.xcconfig */ = {isa = PBXFileReference; includeInIndex = 1; lastKnownFileType = text.xcconfig; name = "Pods-ExchangeRates.debug.xcconfig"; path = "Pods/Target Support Files/Pods-ExchangeRates/Pods-ExchangeRates.debug.xcconfig"; sourceTree = "<group>"; };
		586B758A6D1C84276278C1BB /* Pods-ExchangeRates.release.xcconfig */ = {isa = PBXFileReference; includeInIndex = 1; lastKnownFileType = text.xcconfig; name = "Pods-ExchangeRates.release.xcconfig"; path = "Pods/Target Support Files/Pods-ExchangeRates/Pods-ExchangeRates.release.xcconfig"; sourceTree = "<group>"; };
		8EF0DB8BB519E3D53DE25731 /* libPods-ExchangeRates.a */ = {isa = PBXFileReference; explicitFileType = archive.ar; includeInIndex = 0; path = "libPods-ExchangeRates.a"; sourceTree = BUILT_PRODUCTS_DIR; };
/* End PBXFileReference section */

/* Begin PBXFrameworksBuildPhase section */
		50D311A81C06FF8A005FDCCE /* Frameworks */ = {
			isa = PBXFrameworksBuildPhase;
			buildActionMask = 2147483647;
			files = (
				C89F1453EDADF0799DCA8B80 /* libPods-ExchangeRates.a in Frameworks */,
			);
			runOnlyForDeploymentPostprocessing = 0;
		};
/* End PBXFrameworksBuildPhase section */

/* Begin PBXGroup section */
		10A7E0EA3A5388A54FCA1CA1 /* Pods */ = {
			isa = PBXGroup;
			children = (
				52FC1610EDFABBA0DC671CDE /* Pods-ExchangeRates.debug.xcconfig */,
				586B758A6D1C84276278C1BB /* Pods-ExchangeRates.release.xcconfig */,
			);
			name = Pods;
			sourceTree = "<group>";
		};
		50432BED1C0708AA00D6CBDB /* Classes */ = {
			isa = PBXGroup;
			children = (
				5092B2611C08501200FC7D51 /* View */,
				5092B2511C073D9F00FC7D51 /* Common */,
				50D311B11C06FF8B005FDCCE /* AppDelegate.h */,
				50D311B21C06FF8B005FDCCE /* AppDelegate.m */,
				50432BF31C070AA600D6CBDB /* Contollers */,
				50432BF41C070AB800D6CBDB /* Model */,
				50432C641C071B9900D6CBDB /* WebService */,
			);
			path = Classes;
			sourceTree = "<group>";
		};
		50432BEF1C0708FA00D6CBDB /* Resources */ = {
			isa = PBXGroup;
			children = (
				5092B2671C08539600FC7D51 /* Fonts */,
				5092B2561C07420400FC7D51 /* Localization */,
				5092B25C1C07447900FC7D51 /* CurrenciesList.plist */,
			);
			path = Resources;
			sourceTree = "<group>";
		};
		50432BF01C07099D00D6CBDB /* Storyboards */ = {
			isa = PBXGroup;
			children = (
				50D311BC1C06FF8B005FDCCE /* LaunchScreen.storyboard */,
				50432BF11C070A6200D6CBDB /* Main.storyboard */,
			);
			path = Storyboards;
			sourceTree = "<group>";
		};
		50432BF31C070AA600D6CBDB /* Contollers */ = {
			isa = PBXGroup;
			children = (
				5040BF601C09D8C700C35B2A /* ERTBaseVC.h */,
				5040BF611C09D8C700C35B2A /* ERTBaseVC.m */,
				50432BF51C070ADA00D6CBDB /* ERTRatesVC.h */,
				50432BF61C070ADA00D6CBDB /* ERTRatesVC.m */,
				504E5EFF1C0884F600099550 /* ERTRatesVC+RatesConfiguration.h */,
				504E5F001C0884F600099550 /* ERTRatesVC+RatesConfiguration.m */,
				5092B25E1C08444800FC7D51 /* ERTCurrenciesVC.h */,
				5092B25F1C08444800FC7D51 /* ERTCurrenciesVC.m */,
			);
			path = Contollers;
			sourceTree = "<group>";
		};
		50432BF41C070AB800D6CBDB /* Model */ = {
			isa = PBXGroup;
			children = (
				50432C001C070E1D00D6CBDB /* CoreData */,
			);
			path = Model;
			sourceTree = "<group>";
		};
		50432C001C070E1D00D6CBDB /* CoreData */ = {
			isa = PBXGroup;
			children = (
				5092B24D1C073BC100FC7D51 /* Parsing */,
				50432C0C1C07141F00D6CBDB /* Machine */,
				50432C0D1C07141F00D6CBDB /* User */,
				50432C091C07119F00D6CBDB /* Model.xcdatamodeld */,
				5092B2591C07439200FC7D51 /* ERTDataManager.h */,
				5092B25A1C07439200FC7D51 /* ERTDataManager.m */,
			);
			path = CoreData;
			sourceTree = "<group>";
		};
		50432C0C1C07141F00D6CBDB /* Machine */ = {
			isa = PBXGroup;
			children = (
				50432C101C071A3200D6CBDB /* _ERTCurrencyPair.h */,
				50432C111C071A3200D6CBDB /* _ERTCurrencyPair.m */,
				50432C121C071A3200D6CBDB /* _ERTRate.h */,
				50432C131C071A3200D6CBDB /* _ERTRate.m */,
			);
			path = Machine;
			sourceTree = "<group>";
		};
		50432C0D1C07141F00D6CBDB /* User */ = {
			isa = PBXGroup;
			children = (
				50432C191C071A3E00D6CBDB /* ERTCurrencyPair.h */,
				50432C1A1C071A3E00D6CBDB /* ERTCurrencyPair.m */,
				50432C1B1C071A3E00D6CBDB /* ERTRate.h */,
				50432C1C1C071A3E00D6CBDB /* ERTRate.m */,
			);
			path = User;
			sourceTree = "<group>";
		};
		50432C641C071B9900D6CBDB /* WebService */ = {
			isa = PBXGroup;
			children = (
				5092B2421C0734F600FC7D51 /* APIRequests */,
				50432C8C1C071B9900D6CBDB /* ERTWebService.h */,
				50432C8D1C071B9900D6CBDB /* ERTWebService.m */,
				50432C861C071B9900D6CBDB /* ERTWebRequestInfo.h */,
				50432C871C071B9900D6CBDB /* ERTWebRequestInfo.m */,
			);
			path = WebService;
			sourceTree = "<group>";
		};
		5092B2421C0734F600FC7D51 /* APIRequests */ = {
			isa = PBXGroup;
			children = (
				5092B2431C07351300FC7D51 /* ERTWebService+CurrencyRequest.h */,
				5092B2441C07351300FC7D51 /* ERTWebService+CurrencyRequest.m */,
			);
			path = APIRequests;
			sourceTree = "<group>";
		};
		5092B24D1C073BC100FC7D51 /* Parsing */ = {
			isa = PBXGroup;
			children = (
				5092B24E1C073BEA00FC7D51 /* ERTCurrencyPair+Parsing.h */,
				5092B24F1C073BEA00FC7D51 /* ERTCurrencyPair+Parsing.m */,
			);
			path = Parsing;
			sourceTree = "<group>";
		};
		5092B2511C073D9F00FC7D51 /* Common */ = {
			isa = PBXGroup;
			children = (
				5092B2521C073DAF00FC7D51 /* Cocoa+Categories */,
				5040BF631C09F00100C35B2A /* ERTConstants.h */,
				5040BF641C09F06A00C35B2A /* ERTConstants.m */,
			);
			path = Common;
			sourceTree = "<group>";
		};
		5092B2521C073DAF00FC7D51 /* Cocoa+Categories */ = {
			isa = PBXGroup;
			children = (
				5035DF781C0891E900396AEB /* NSDate+ERTDateFromString.h */,
				5035DF791C0891E900396AEB /* NSDate+ERTDateFromString.m */,
				504D0F0D1C0857C90015538D /* UIFont+ERTExchangeRates.h */,
				504D0F0E1C0857C90015538D /* UIFont+ERTExchangeRates.m */,
				504E5F081C088B1500099550 /* NSCalendar+ERTDays.h */,
				504E5F091C088B1500099550 /* NSCalendar+ERTDays.m */,
				5035DF811C09C41500396AEB /* NSAttributedString+ERTString.h */,
				5035DF821C09C41500396AEB /* NSAttributedString+ERTString.m */,
			);
			path = "Cocoa+Categories";
			sourceTree = "<group>";
		};
		5092B2561C07420400FC7D51 /* Localization */ = {
			isa = PBXGroup;
			children = (
				5092B24A1C07393B00FC7D51 /* ERTWebServiceErrors.strings */,
				504E5F061C08873600099550 /* ERTLocalizedStrings.strings */,
			);
			path = Localization;
			sourceTree = "<group>";
		};
		5092B2611C08501200FC7D51 /* View */ = {
			isa = PBXGroup;
			children = (
				5092B2621C08503C00FC7D51 /* ERTCurrencyCell.h */,
				5092B2631C08503C00FC7D51 /* ERTCurrencyCell.m */,
				5092B2641C08503C00FC7D51 /* ERTCurrencyCell.xib */,
				5092B2901C08557700FC7D51 /* ERTCurrencyCell+Configuration.h */,
				5092B2911C08557700FC7D51 /* ERTCurrencyCell+Configuration.m */,
			);
			path = View;
			sourceTree = "<group>";
		};
		5092B2671C08539600FC7D51 /* Fonts */ = {
			isa = PBXGroup;
			children = (
				5092B2681C08539600FC7D51 /* Lato-Black.ttf */,
				5092B2691C08539600FC7D51 /* Lato-BlackItalic.ttf */,
				5092B26A1C08539600FC7D51 /* Lato-Bold.ttf */,
				5092B26B1C08539600FC7D51 /* Lato-BoldItalic.ttf */,
				5092B26C1C08539600FC7D51 /* Lato-Hairline.ttf */,
				5092B26D1C08539600FC7D51 /* Lato-HairlineItalic.ttf */,
				5092B26E1C08539600FC7D51 /* Lato-Heavy.ttf */,
				5092B26F1C08539600FC7D51 /* Lato-HeavyItalic.ttf */,
				5092B2701C08539700FC7D51 /* Lato-Italic.ttf */,
				5092B2711C08539700FC7D51 /* Lato-Light.ttf */,
				5092B2721C08539700FC7D51 /* Lato-LightItalic.ttf */,
				5092B2731C08539700FC7D51 /* Lato-Medium.ttf */,
				5092B2741C08539700FC7D51 /* Lato-MediumItalic.ttf */,
				5092B2751C08539700FC7D51 /* Lato-Regular.ttf */,
				5092B2761C08539700FC7D51 /* Lato-Semibold.ttf */,
				5092B2771C08539700FC7D51 /* Lato-SemiboldItalic.ttf */,
				5092B2781C08539700FC7D51 /* Lato-Thin.ttf */,
				5092B2791C08539700FC7D51 /* Lato-ThinItalic.ttf */,
				5092B27A1C08539700FC7D51 /* OFL.txt */,
				5092B27B1C08539700FC7D51 /* README.txt */,
			);
			name = Fonts;
			path = Lato2OFL;
			sourceTree = "<group>";
		};
		50D311A21C06FF8A005FDCCE = {
			isa = PBXGroup;
			children = (
				50D311AD1C06FF8A005FDCCE /* ExchangeRates */,
				50D311AC1C06FF8A005FDCCE /* Products */,
				10A7E0EA3A5388A54FCA1CA1 /* Pods */,
				53DB86407D8BACF619A2CDD8 /* Frameworks */,
			);
			sourceTree = "<group>";
		};
		50D311AC1C06FF8A005FDCCE /* Products */ = {
			isa = PBXGroup;
			children = (
				50D311AB1C06FF8A005FDCCE /* ExchangeRates.app */,
			);
			name = Products;
			sourceTree = "<group>";
		};
		50D311AD1C06FF8A005FDCCE /* ExchangeRates */ = {
			isa = PBXGroup;
			children = (
				50432BF01C07099D00D6CBDB /* Storyboards */,
				50432BED1C0708AA00D6CBDB /* Classes */,
				50432BEF1C0708FA00D6CBDB /* Resources */,
				50D311AE1C06FF8A005FDCCE /* Supporting Files */,
			);
			path = ExchangeRates;
			sourceTree = "<group>";
		};
		50D311AE1C06FF8A005FDCCE /* Supporting Files */ = {
			isa = PBXGroup;
			children = (
				50D311BA1C06FF8B005FDCCE /* Assets.xcassets */,
				50432C071C07110700D6CBDB /* Info.plist */,
				50D311AF1C06FF8B005FDCCE /* main.m */,
				5092B2401C0732D500FC7D51 /* ExchangeRates.pch */,
			);
			path = "Supporting Files";
			sourceTree = "<group>";
		};
		53DB86407D8BACF619A2CDD8 /* Frameworks */ = {
			isa = PBXGroup;
			children = (
				8EF0DB8BB519E3D53DE25731 /* libPods-ExchangeRates.a */,
			);
			name = Frameworks;
			sourceTree = "<group>";
		};
/* End PBXGroup section */

/* Begin PBXNativeTarget section */
		50D311AA1C06FF8A005FDCCE /* ExchangeRates */ = {
			isa = PBXNativeTarget;
			buildConfigurationList = 50D311C21C06FF8B005FDCCE /* Build configuration list for PBXNativeTarget "ExchangeRates" */;
			buildPhases = (
				E07C6BB7C73F3957E5EE1515 /* Check Pods Manifest.lock */,
				50D311A71C06FF8A005FDCCE /* Sources */,
				50D311A81C06FF8A005FDCCE /* Frameworks */,
				50D311A91C06FF8A005FDCCE /* Resources */,
				EC93C765FDEBA7521EF5D36D /* Embed Pods Frameworks */,
				344DE4868D6D6230DFD50DCF /* Copy Pods Resources */,
			);
			buildRules = (
			);
			dependencies = (
			);
			name = ExchangeRates;
			productName = ExchangeRates;
			productReference = 50D311AB1C06FF8A005FDCCE /* ExchangeRates.app */;
			productType = "com.apple.product-type.application";
		};
/* End PBXNativeTarget section */

/* Begin PBXProject section */
		50D311A31C06FF8A005FDCCE /* Project object */ = {
			isa = PBXProject;
			attributes = {
				LastUpgradeCheck = 0710;
				ORGANIZATIONNAME = mlukashevich;
				TargetAttributes = {
					50432BF81C070BF700D6CBDB = {
						CreatedOnToolsVersion = 7.1.1;
					};
					50D311AA1C06FF8A005FDCCE = {
						CreatedOnToolsVersion = 7.1.1;
					};
				};
			};
			buildConfigurationList = 50D311A61C06FF8A005FDCCE /* Build configuration list for PBXProject "ExchangeRates" */;
			compatibilityVersion = "Xcode 3.2";
			developmentRegion = English;
			hasScannedForEncodings = 0;
			knownRegions = (
				Base,
				ru,
			);
			mainGroup = 50D311A21C06FF8A005FDCCE;
			productRefGroup = 50D311AC1C06FF8A005FDCCE /* Products */;
			projectDirPath = "";
			projectRoot = "";
			targets = (
				50D311AA1C06FF8A005FDCCE /* ExchangeRates */,
				50432BF81C070BF700D6CBDB /* Mogenerator */,
			);
		};
/* End PBXProject section */

/* Begin PBXResourcesBuildPhase section */
		50D311A91C06FF8A005FDCCE /* Resources */ = {
			isa = PBXResourcesBuildPhase;
			buildActionMask = 2147483647;
			files = (
				5092B2851C08539700FC7D51 /* Lato-Light.ttf in Resources */,
				5092B28C1C08539700FC7D51 /* Lato-Thin.ttf in Resources */,
				5092B2871C08539700FC7D51 /* Lato-Medium.ttf in Resources */,
				5092B2821C08539700FC7D51 /* Lato-Heavy.ttf in Resources */,
				50432C081C07110700D6CBDB /* Info.plist in Resources */,
				5092B2891C08539700FC7D51 /* Lato-Regular.ttf in Resources */,
				5092B27E1C08539700FC7D51 /* Lato-Bold.ttf in Resources */,
				5092B28D1C08539700FC7D51 /* Lato-ThinItalic.ttf in Resources */,
				5092B28E1C08539700FC7D51 /* OFL.txt in Resources */,
				5092B2801C08539700FC7D51 /* Lato-Hairline.ttf in Resources */,
				5092B28F1C08539700FC7D51 /* README.txt in Resources */,
				504E5F041C08873600099550 /* ERTLocalizedStrings.strings in Resources */,
				50432BF21C070A6200D6CBDB /* Main.storyboard in Resources */,
				5092B2481C07393B00FC7D51 /* ERTWebServiceErrors.strings in Resources */,
				5092B2861C08539700FC7D51 /* Lato-LightItalic.ttf in Resources */,
				5092B28B1C08539700FC7D51 /* Lato-SemiboldItalic.ttf in Resources */,
				5092B2881C08539700FC7D51 /* Lato-MediumItalic.ttf in Resources */,
				5092B27F1C08539700FC7D51 /* Lato-BoldItalic.ttf in Resources */,
				50D311BE1C06FF8B005FDCCE /* LaunchScreen.storyboard in Resources */,
				5092B28A1C08539700FC7D51 /* Lato-Semibold.ttf in Resources */,
				5092B2811C08539700FC7D51 /* Lato-HairlineItalic.ttf in Resources */,
				5092B27C1C08539700FC7D51 /* Lato-Black.ttf in Resources */,
				5092B2831C08539700FC7D51 /* Lato-HeavyItalic.ttf in Resources */,
				5092B27D1C08539700FC7D51 /* Lato-BlackItalic.ttf in Resources */,
				5092B25D1C07447900FC7D51 /* CurrenciesList.plist in Resources */,
				5092B2661C08503C00FC7D51 /* ERTCurrencyCell.xib in Resources */,
				5092B2841C08539700FC7D51 /* Lato-Italic.ttf in Resources */,
				50D311BB1C06FF8B005FDCCE /* Assets.xcassets in Resources */,
			);
			runOnlyForDeploymentPostprocessing = 0;
		};
/* End PBXResourcesBuildPhase section */

/* Begin PBXShellScriptBuildPhase section */
		344DE4868D6D6230DFD50DCF /* Copy Pods Resources */ = {
			isa = PBXShellScriptBuildPhase;
			buildActionMask = 2147483647;
			files = (
			);
			inputPaths = (
			);
			name = "Copy Pods Resources";
			outputPaths = (
			);
			runOnlyForDeploymentPostprocessing = 0;
			shellPath = /bin/sh;
			shellScript = "\"${SRCROOT}/Pods/Target Support Files/Pods-ExchangeRates/Pods-ExchangeRates-resources.sh\"\n";
			showEnvVarsInLog = 0;
		};
		50432BFC1C070C0900D6CBDB /* ShellScript */ = {
			isa = PBXShellScriptBuildPhase;
			buildActionMask = 2147483647;
			files = (
			);
			inputPaths = (
			);
			outputPaths = (
			);
			runOnlyForDeploymentPostprocessing = 0;
			shellPath = /bin/sh;
			shellScript = "#!/bin/sh\n#\n# Automatic (re)generation of model classes for all *.xcdatamodel files.\n\n# mogenerator installed through homebrew is located in /usr/local/bin\nPATH=${PATH}:/usr/local/bin\n\nif ! hash mogenerator 2>/dev/null; then\necho \"warning: mogenerator is not installed\"\nexit 0\nfi\n\n# Define output directories\nPROJECT_DIR=\"${SRCROOT}/ExchangeRates/Classes/Model/CoreData\"\n\nCOREDATA_MODEL_NAME=\"Model\"\nCOREDATA_MODEL=\"${COREDATA_MODEL_NAME}.xcdatamodeld\"\n\nMACHINE_DIR=\"${PROJECT_DIR}/Machine/\"\nMODEL_DIR=\"${PROJECT_DIR}/User/\"\n\n# Look for the Xcode project directory for this file\ncd \"${PROJECT_DIR}/${COREDATA_MODEL}\"\n\n# The output directories have to exist, so create them\nmkdir -p \"${MACHINE_DIR}\" \"${MODEL_DIR}\"\n\nmogenerator -m \"${PROJECT_DIR}/${COREDATA_MODEL}\" -M \"${MACHINE_DIR}\" -H \"${MODEL_DIR}\" --template-var arc=true";
		};
		E07C6BB7C73F3957E5EE1515 /* Check Pods Manifest.lock */ = {
			isa = PBXShellScriptBuildPhase;
			buildActionMask = 2147483647;
			files = (
			);
			inputPaths = (
			);
			name = "Check Pods Manifest.lock";
			outputPaths = (
			);
			runOnlyForDeploymentPostprocessing = 0;
			shellPath = /bin/sh;
			shellScript = "diff \"${PODS_ROOT}/../Podfile.lock\" \"${PODS_ROOT}/Manifest.lock\" > /dev/null\nif [[ $? != 0 ]] ; then\n    cat << EOM\nerror: The sandbox is not in sync with the Podfile.lock. Run 'pod install' or update your CocoaPods installation.\nEOM\n    exit 1\nfi\n";
			showEnvVarsInLog = 0;
		};
		EC93C765FDEBA7521EF5D36D /* Embed Pods Frameworks */ = {
			isa = PBXShellScriptBuildPhase;
			buildActionMask = 2147483647;
			files = (
			);
			inputPaths = (
			);
			name = "Embed Pods Frameworks";
			outputPaths = (
			);
			runOnlyForDeploymentPostprocessing = 0;
			shellPath = /bin/sh;
			shellScript = "\"${SRCROOT}/Pods/Target Support Files/Pods-ExchangeRates/Pods-ExchangeRates-frameworks.sh\"\n";
			showEnvVarsInLog = 0;
		};
/* End PBXShellScriptBuildPhase section */

/* Begin PBXSourcesBuildPhase section */
		50D311A71C06FF8A005FDCCE /* Sources */ = {
			isa = PBXSourcesBuildPhase;
			buildActionMask = 2147483647;
			files = (
				5092B2601C08444800FC7D51 /* ERTCurrenciesVC.m in Sources */,
				5040BF621C09D8C700C35B2A /* ERTBaseVC.m in Sources */,
				5092B2921C08557700FC7D51 /* ERTCurrencyCell+Configuration.m in Sources */,
				5040BF651C09F06A00C35B2A /* ERTConstants.m in Sources */,
				50432C151C071A3200D6CBDB /* _ERTCurrencyPair.m in Sources */,
				5092B2651C08503C00FC7D51 /* ERTCurrencyCell.m in Sources */,
				504E5F0A1C088B1500099550 /* NSCalendar+ERTDays.m in Sources */,
				504D0F0F1C0857C90015538D /* UIFont+ERTExchangeRates.m in Sources */,
				50432C161C071A3200D6CBDB /* _ERTRate.m in Sources */,
				5092B2451C07351300FC7D51 /* ERTWebService+CurrencyRequest.m in Sources */,
				5035DF7A1C0891E900396AEB /* NSDate+ERTDateFromString.m in Sources */,
				50432CA21C071B9900D6CBDB /* ERTWebService.m in Sources */,
				50432C1E1C071A3E00D6CBDB /* ERTCurrencyPair.m in Sources */,
				50432BF71C070ADA00D6CBDB /* ERTRatesVC.m in Sources */,
				5092B25B1C07439200FC7D51 /* ERTDataManager.m in Sources */,
				50D311B31C06FF8B005FDCCE /* AppDelegate.m in Sources */,
				50432C1F1C071A3E00D6CBDB /* ERTRate.m in Sources */,
				50D311B01C06FF8B005FDCCE /* main.m in Sources */,
				50432C9F1C071B9900D6CBDB /* ERTWebRequestInfo.m in Sources */,
				50432C0B1C07119F00D6CBDB /* Model.xcdatamodeld in Sources */,
				5092B2501C073BEA00FC7D51 /* ERTCurrencyPair+Parsing.m in Sources */,
				5035DF831C09C41500396AEB /* NSAttributedString+ERTString.m in Sources */,
				504E5F011C0884F600099550 /* ERTRatesVC+RatesConfiguration.m in Sources */,
			);
			runOnlyForDeploymentPostprocessing = 0;
		};
/* End PBXSourcesBuildPhase section */

/* Begin PBXVariantGroup section */
		504E5F061C08873600099550 /* ERTLocalizedStrings.strings */ = {
			isa = PBXVariantGroup;
			children = (
				504E5F051C08873600099550 /* ru */,
				504E5F071C08873B00099550 /* Base */,
			);
			name = ERTLocalizedStrings.strings;
			sourceTree = "<group>";
		};
		5092B24A1C07393B00FC7D51 /* ERTWebServiceErrors.strings */ = {
			isa = PBXVariantGroup;
			children = (
				5092B2491C07393B00FC7D51 /* Base */,
				5092B2581C0742DE00FC7D51 /* ru */,
			);
			name = ERTWebServiceErrors.strings;
			sourceTree = "<group>";
		};
		50D311BC1C06FF8B005FDCCE /* LaunchScreen.storyboard */ = {
			isa = PBXVariantGroup;
			children = (
				50D311BD1C06FF8B005FDCCE /* Base */,
				5092B2571C0742DD00FC7D51 /* ru */,
			);
			name = LaunchScreen.storyboard;
			path = ..;
			sourceTree = "<group>";
		};
/* End PBXVariantGroup section */

/* Begin XCBuildConfiguration section */
		50432BFA1C070BF700D6CBDB /* Debug */ = {
			isa = XCBuildConfiguration;
			buildSettings = {
				PRODUCT_NAME = "$(TARGET_NAME)";
			};
			name = Debug;
		};
		50432BFB1C070BF700D6CBDB /* Release */ = {
			isa = XCBuildConfiguration;
			buildSettings = {
				PRODUCT_NAME = "$(TARGET_NAME)";
			};
			name = Release;
		};
		50D311C01C06FF8B005FDCCE /* Debug */ = {
			isa = XCBuildConfiguration;
			buildSettings = {
				ALWAYS_SEARCH_USER_PATHS = NO;
				CLANG_CXX_LANGUAGE_STANDARD = "gnu++0x";
				CLANG_CXX_LIBRARY = "libc++";
				CLANG_ENABLE_MODULES = YES;
				CLANG_ENABLE_OBJC_ARC = YES;
				CLANG_WARN_BOOL_CONVERSION = YES;
				CLANG_WARN_CONSTANT_CONVERSION = YES;
				CLANG_WARN_DIRECT_OBJC_ISA_USAGE = YES_ERROR;
				CLANG_WARN_EMPTY_BODY = YES;
				CLANG_WARN_ENUM_CONVERSION = YES;
				CLANG_WARN_INT_CONVERSION = YES;
				CLANG_WARN_OBJC_ROOT_CLASS = YES_ERROR;
				CLANG_WARN_UNREACHABLE_CODE = YES;
				CLANG_WARN__DUPLICATE_METHOD_MATCH = YES;
				"CODE_SIGN_IDENTITY[sdk=iphoneos*]" = "iPhone Developer";
				COPY_PHASE_STRIP = NO;
				DEBUG_INFORMATION_FORMAT = dwarf;
				ENABLE_STRICT_OBJC_MSGSEND = YES;
				ENABLE_TESTABILITY = YES;
				GCC_C_LANGUAGE_STANDARD = gnu99;
				GCC_DYNAMIC_NO_PIC = NO;
				GCC_NO_COMMON_BLOCKS = YES;
				GCC_OPTIMIZATION_LEVEL = 0;
				GCC_PREPROCESSOR_DEFINITIONS = (
					"DEBUG=1",
					"$(inherited)",
				);
				GCC_WARN_64_TO_32_BIT_CONVERSION = YES;
				GCC_WARN_ABOUT_RETURN_TYPE = YES_ERROR;
				GCC_WARN_UNDECLARED_SELECTOR = YES;
				GCC_WARN_UNINITIALIZED_AUTOS = YES_AGGRESSIVE;
				GCC_WARN_UNUSED_FUNCTION = YES;
				GCC_WARN_UNUSED_VARIABLE = YES;
				IPHONEOS_DEPLOYMENT_TARGET = 9.1;
				MTL_ENABLE_DEBUG_INFO = YES;
				ONLY_ACTIVE_ARCH = YES;
				SDKROOT = iphoneos;
			};
			name = Debug;
		};
		50D311C11C06FF8B005FDCCE /* Release */ = {
			isa = XCBuildConfiguration;
			buildSettings = {
				ALWAYS_SEARCH_USER_PATHS = NO;
				CLANG_CXX_LANGUAGE_STANDARD = "gnu++0x";
				CLANG_CXX_LIBRARY = "libc++";
				CLANG_ENABLE_MODULES = YES;
				CLANG_ENABLE_OBJC_ARC = YES;
				CLANG_WARN_BOOL_CONVERSION = YES;
				CLANG_WARN_CONSTANT_CONVERSION = YES;
				CLANG_WARN_DIRECT_OBJC_ISA_USAGE = YES_ERROR;
				CLANG_WARN_EMPTY_BODY = YES;
				CLANG_WARN_ENUM_CONVERSION = YES;
				CLANG_WARN_INT_CONVERSION = YES;
				CLANG_WARN_OBJC_ROOT_CLASS = YES_ERROR;
				CLANG_WARN_UNREACHABLE_CODE = YES;
				CLANG_WARN__DUPLICATE_METHOD_MATCH = YES;
				"CODE_SIGN_IDENTITY[sdk=iphoneos*]" = "iPhone Developer";
				COPY_PHASE_STRIP = NO;
				DEBUG_INFORMATION_FORMAT = "dwarf-with-dsym";
				ENABLE_NS_ASSERTIONS = NO;
				ENABLE_STRICT_OBJC_MSGSEND = YES;
				GCC_C_LANGUAGE_STANDARD = gnu99;
				GCC_NO_COMMON_BLOCKS = YES;
				GCC_WARN_64_TO_32_BIT_CONVERSION = YES;
				GCC_WARN_ABOUT_RETURN_TYPE = YES_ERROR;
				GCC_WARN_UNDECLARED_SELECTOR = YES;
				GCC_WARN_UNINITIALIZED_AUTOS = YES_AGGRESSIVE;
				GCC_WARN_UNUSED_FUNCTION = YES;
				GCC_WARN_UNUSED_VARIABLE = YES;
				IPHONEOS_DEPLOYMENT_TARGET = 9.1;
				MTL_ENABLE_DEBUG_INFO = NO;
				SDKROOT = iphoneos;
				VALIDATE_PRODUCT = YES;
			};
			name = Release;
		};
		50D311C31C06FF8B005FDCCE /* Debug */ = {
			isa = XCBuildConfiguration;
			baseConfigurationReference = 52FC1610EDFABBA0DC671CDE /* Pods-ExchangeRates.debug.xcconfig */;
			buildSettings = {
				ASSETCATALOG_COMPILER_APPICON_NAME = AppIcon;
				GCC_PREFIX_HEADER = "ExchangeRates/Supporting Files/ExchangeRates.pch";
				INFOPLIST_FILE = "ExchangeRates/Supporting Files/Info.plist";
				LD_RUNPATH_SEARCH_PATHS = "$(inherited) @executable_path/Frameworks";
				PRODUCT_BUNDLE_IDENTIFIER = mlukashevich.ExchangeRates;
				PRODUCT_NAME = "$(TARGET_NAME)";
			};
			name = Debug;
		};
		50D311C41C06FF8B005FDCCE /* Release */ = {
			isa = XCBuildConfiguration;
			baseConfigurationReference = 586B758A6D1C84276278C1BB /* Pods-ExchangeRates.release.xcconfig */;
			buildSettings = {
				ASSETCATALOG_COMPILER_APPICON_NAME = AppIcon;
				GCC_PREFIX_HEADER = "ExchangeRates/Supporting Files/ExchangeRates.pch";
				INFOPLIST_FILE = "ExchangeRates/Supporting Files/Info.plist";
				LD_RUNPATH_SEARCH_PATHS = "$(inherited) @executable_path/Frameworks";
				PRODUCT_BUNDLE_IDENTIFIER = mlukashevich.ExchangeRates;
				PRODUCT_NAME = "$(TARGET_NAME)";
			};
			name = Release;
		};
/* End XCBuildConfiguration section */

/* Begin XCConfigurationList section */
		50432BF91C070BF700D6CBDB /* Build configuration list for PBXAggregateTarget "Mogenerator" */ = {
			isa = XCConfigurationList;
			buildConfigurations = (
				50432BFA1C070BF700D6CBDB /* Debug */,
				50432BFB1C070BF700D6CBDB /* Release */,
			);
			defaultConfigurationIsVisible = 0;
			defaultConfigurationName = Release;
		};
		50D311A61C06FF8A005FDCCE /* Build configuration list for PBXProject "ExchangeRates" */ = {
			isa = XCConfigurationList;
			buildConfigurations = (
				50D311C01C06FF8B005FDCCE /* Debug */,
				50D311C11C06FF8B005FDCCE /* Release */,
			);
			defaultConfigurationIsVisible = 0;
			defaultConfigurationName = Release;
		};
		50D311C21C06FF8B005FDCCE /* Build configuration list for PBXNativeTarget "ExchangeRates" */ = {
			isa = XCConfigurationList;
			buildConfigurations = (
				50D311C31C06FF8B005FDCCE /* Debug */,
				50D311C41C06FF8B005FDCCE /* Release */,
			);
			defaultConfigurationIsVisible = 0;
			defaultConfigurationName = Release;
		};
/* End XCConfigurationList section */

/* Begin XCVersionGroup section */
		50432C091C07119F00D6CBDB /* Model.xcdatamodeld */ = {
			isa = XCVersionGroup;
			children = (
				50432C0A1C07119F00D6CBDB /* Model.xcdatamodel */,
			);
			currentVersion = 50432C0A1C07119F00D6CBDB /* Model.xcdatamodel */;
			path = Model.xcdatamodeld;
			sourceTree = "<group>";
			versionGroupType = wrapper.xcdatamodel;
		};
/* End XCVersionGroup section */
	};
	rootObject = 50D311A31C06FF8A005FDCCE /* Project object */;
}
